
Microsoft Visual Studio Solution File, Format Version 12.00
# Visual Studio Version 16
VisualStudioVersion = 16.0.30114.105
MinimumVisualStudioVersion = 10.0.40219.1
Project("{2150E333-8FDC-42A3-9474-1A3956D46DE8}") = "src", "src", "{A02B311C-28E1-469F-8646-C76B459E074B}"
EndProject
Project("{FAE04EC0-301F-11D3-BF4B-00C04F79EFBC}") = "Frontend", "src\Frontend\Frontend.csproj", "{84761F60-37B8-4949-947B-6204CE1EC62F}"
EndProject
Project("{FAE04EC0-301F-11D3-BF4B-00C04F79EFBC}") = "Ingredients.Data", "src\Ingredients.Data\Ingredients.Data.csproj", "{2A613147-2A62-44D9-8296-5283C03B712F}"
EndProject
Project("{FAE04EC0-301F-11D3-BF4B-00C04F79EFBC}") = "Orders.PubSub", "src\Orders.PubSub\Orders.PubSub.csproj", "{5C1CB20B-599A-4EC2-90BE-F3C7D2B22DA1}"
EndProject
Project("{2150E333-8FDC-42A3-9474-1A3956D46DE8}") = "test", "test", "{21D49B5C-2B6C-4E62-B3EC-0E79909BF3F6}"
EndProject
Project("{FAE04EC0-301F-11D3-BF4B-00C04F79EFBC}") = "GrpcTestHelper", "test\GrpcTestHelper\GrpcTestHelper.csproj", "{CF0A8113-7381-44BD-A592-904D839F11C9}"
EndProject
Project("{FAE04EC0-301F-11D3-BF4B-00C04F79EFBC}") = "Ingredients", "src\Ingredients\Ingredients.csproj", "{A763125D-3892-428E-BEB5-748CD8BD7502}"
EndProject
Project("{FAE04EC0-301F-11D3-BF4B-00C04F79EFBC}") = "Ingredients.Tests", "test\Ingredients.Tests\Ingredients.Tests.csproj", "{F60DB0A2-F1D5-4F3C-B84C-FB55ADAD0ED0}"
EndProject
Project("{2150E333-8FDC-42A3-9474-1A3956D46DE8}") = "files", "files", "{8336C9B2-E452-4E9F-A9DC-94110068DF69}"
	ProjectSection(SolutionItems) = preProject
		tye.yaml = tye.yaml
	EndProjectSection
EndProject
Project("{FAE04EC0-301F-11D3-BF4B-00C04F79EFBC}") = "Orders", "src\Orders\Orders.csproj", "{E0AABE0D-03A2-48EA-9CED-2ED1C309B775}"
EndProject
Project("{FAE04EC0-301F-11D3-BF4B-00C04F79EFBC}") = "ShopConsole", "src\ShopConsole\ShopConsole.csproj", "{F08F0E74-4A57-4551-A9E7-C22740E59046}"
EndProject
Project("{FAE04EC0-301F-11D3-BF4B-00C04F79EFBC}") = "AuthHelp", "src\AuthHelp\AuthHelp.csproj", "{35131244-1B22-4FA1-A272-8B78CED221C3}"
EndProject
Global
	GlobalSection(SolutionConfigurationPlatforms) = preSolution
		Debug|Any CPU = Debug|Any CPU
		Release|Any CPU = Release|Any CPU
	EndGlobalSection
	GlobalSection(SolutionProperties) = preSolution
		HideSolutionNode = FALSE
	EndGlobalSection
	GlobalSection(ProjectConfigurationPlatforms) = postSolution
		{84761F60-37B8-4949-947B-6204CE1EC62F}.Debug|Any CPU.ActiveCfg = Debug|Any CPU
		{84761F60-37B8-4949-947B-6204CE1EC62F}.Debug|Any CPU.Build.0 = Debug|Any CPU
		{84761F60-37B8-4949-947B-6204CE1EC62F}.Release|Any CPU.ActiveCfg = Release|Any CPU
		{84761F60-37B8-4949-947B-6204CE1EC62F}.Release|Any CPU.Build.0 = Release|Any CPU
		{2A613147-2A62-44D9-8296-5283C03B712F}.Debug|Any CPU.ActiveCfg = Debug|Any CPU
		{2A613147-2A62-44D9-8296-5283C03B712F}.Debug|Any CPU.Build.0 = Debug|Any CPU
		{2A613147-2A62-44D9-8296-5283C03B712F}.Release|Any CPU.ActiveCfg = Release|Any CPU
		{2A613147-2A62-44D9-8296-5283C03B712F}.Release|Any CPU.Build.0 = Release|Any CPU
		{5C1CB20B-599A-4EC2-90BE-F3C7D2B22DA1}.Debug|Any CPU.ActiveCfg = Debug|Any CPU
		{5C1CB20B-599A-4EC2-90BE-F3C7D2B22DA1}.Debug|Any CPU.Build.0 = Debug|Any CPU
		{5C1CB20B-599A-4EC2-90BE-F3C7D2B22DA1}.Release|Any CPU.ActiveCfg = Release|Any CPU
		{5C1CB20B-599A-4EC2-90BE-F3C7D2B22DA1}.Release|Any CPU.Build.0 = Release|Any CPU
		{CF0A8113-7381-44BD-A592-904D839F11C9}.Debug|Any CPU.ActiveCfg = Debug|Any CPU
		{CF0A8113-7381-44BD-A592-904D839F11C9}.Debug|Any CPU.Build.0 = Debug|Any CPU
		{CF0A8113-7381-44BD-A592-904D839F11C9}.Release|Any CPU.ActiveCfg = Release|Any CPU
		{CF0A8113-7381-44BD-A592-904D839F11C9}.Release|Any CPU.Build.0 = Release|Any CPU
		{A763125D-3892-428E-BEB5-748CD8BD7502}.Debug|Any CPU.ActiveCfg = Debug|Any CPU
		{A763125D-3892-428E-BEB5-748CD8BD7502}.Debug|Any CPU.Build.0 = Debug|Any CPU
		{A763125D-3892-428E-BEB5-748CD8BD7502}.Release|Any CPU.ActiveCfg = Release|Any CPU
		{A763125D-3892-428E-BEB5-748CD8BD7502}.Release|Any CPU.Build.0 = Release|Any CPU
		{F60DB0A2-F1D5-4F3C-B84C-FB55ADAD0ED0}.Debug|Any CPU.ActiveCfg = Debug|Any CPU
		{F60DB0A2-F1D5-4F3C-B84C-FB55ADAD0ED0}.Debug|Any CPU.Build.0 = Debug|Any CPU
		{F60DB0A2-F1D5-4F3C-B84C-FB55ADAD0ED0}.Release|Any CPU.ActiveCfg = Release|Any CPU
		{F60DB0A2-F1D5-4F3C-B84C-FB55ADAD0ED0}.Release|Any CPU.Build.0 = Release|Any CPU
		{E0AABE0D-03A2-48EA-9CED-2ED1C309B775}.Debug|Any CPU.ActiveCfg = Debug|Any CPU
		{E0AABE0D-03A2-48EA-9CED-2ED1C309B775}.Debug|Any CPU.Build.0 = Debug|Any CPU
		{E0AABE0D-03A2-48EA-9CED-2ED1C309B775}.Release|Any CPU.ActiveCfg = Release|Any CPU
		{E0AABE0D-03A2-48EA-9CED-2ED1C309B775}.Release|Any CPU.Build.0 = Release|Any CPU
		{F08F0E74-4A57-4551-A9E7-C22740E59046}.Debug|Any CPU.ActiveCfg = Debug|Any CPU
		{F08F0E74-4A57-4551-A9E7-C22740E59046}.Debug|Any CPU.Build.0 = Debug|Any CPU
		{F08F0E74-4A57-4551-A9E7-C22740E59046}.Release|Any CPU.ActiveCfg = Release|Any CPU
		{F08F0E74-4A57-4551-A9E7-C22740E59046}.Release|Any CPU.Build.0 = Release|Any CPU
		{35131244-1B22-4FA1-A272-8B78CED221C3}.Debug|Any CPU.ActiveCfg = Debug|Any CPU
		{35131244-1B22-4FA1-A272-8B78CED221C3}.Debug|Any CPU.Build.0 = Debug|Any CPU
		{35131244-1B22-4FA1-A272-8B78CED221C3}.Release|Any CPU.ActiveCfg = Release|Any CPU
		{35131244-1B22-4FA1-A272-8B78CED221C3}.Release|Any CPU.Build.0 = Release|Any CPU
	EndGlobalSection
	GlobalSection(NestedProjects) = preSolution
		{84761F60-37B8-4949-947B-6204CE1EC62F} = {A02B311C-28E1-469F-8646-C76B459E074B}
		{2A613147-2A62-44D9-8296-5283C03B712F} = {A02B311C-28E1-469F-8646-C76B459E074B}
		{5C1CB20B-599A-4EC2-90BE-F3C7D2B22DA1} = {A02B311C-28E1-469F-8646-C76B459E074B}
		{CF0A8113-7381-44BD-A592-904D839F11C9} = {21D49B5C-2B6C-4E62-B3EC-0E79909BF3F6}
		{A763125D-3892-428E-BEB5-748CD8BD7502} = {A02B311C-28E1-469F-8646-C76B459E074B}
		{F60DB0A2-F1D5-4F3C-B84C-FB55ADAD0ED0} = {21D49B5C-2B6C-4E62-B3EC-0E79909BF3F6}
		{E0AABE0D-03A2-48EA-9CED-2ED1C309B775} = {A02B311C-28E1-469F-8646-C76B459E074B}
		{F08F0E74-4A57-4551-A9E7-C22740E59046} = {A02B311C-28E1-469F-8646-C76B459E074B}
		{35131244-1B22-4FA1-A272-8B78CED221C3} = {A02B311C-28E1-469F-8646-C76B459E074B}
	EndGlobalSection
EndGlobal
